
Microsoft Visual Studio Solution File, Format Version 12.00
# Visual Studio Version 17
VisualStudioVersion = 17.4.33110.190
MinimumVisualStudioVersion = 10.0.40219.1
Project("{9A19103F-16F7-4668-BE54-9A1E7A4F7556}") = "MyCoursesApi", "MyCoursesApi\MyCoursesApi.csproj", "{2079C927-5D04-443D-B62F-6DA86B6DEB36}"
EndProject
Project("{9A19103F-16F7-4668-BE54-9A1E7A4F7556}") = "Core", "Core\Core.csproj", "{4649F889-D6BF-4685-94B6-D271B41E3AF2}"
EndProject
Project("{9A19103F-16F7-4668-BE54-9A1E7A4F7556}") = "Infrastructure", "Infrastructure\Infrastructure.csproj", "{2F67CCE3-BEE7-4359-9E15-85354CE9ADF0}"
EndProject
Global
	GlobalSection(SolutionConfigurationPlatforms) = preSolution
		Debug|Any CPU = Debug|Any CPU
		Release|Any CPU = Release|Any CPU
	EndGlobalSection
	GlobalSection(ProjectConfigurationPlatforms) = postSolution
		{2079C927-5D04-443D-B62F-6DA86B6DEB36}.Debug|Any CPU.ActiveCfg = Debug|Any CPU
		{2079C927-5D04-443D-B62F-6DA86B6DEB36}.Debug|Any CPU.Build.0 = Debug|Any CPU
		{2079C927-5D04-443D-B62F-6DA86B6DEB36}.Release|Any CPU.ActiveCfg = Release|Any CPU
		{2079C927-5D04-443D-B62F-6DA86B6DEB36}.Release|Any CPU.Build.0 = Release|Any CPU
		{4649F889-D6BF-4685-94B6-D271B41E3AF2}.Debug|Any CPU.ActiveCfg = Debug|Any CPU
		{4649F889-D6BF-4685-94B6-D271B41E3AF2}.Debug|Any CPU.Build.0 = Debug|Any CPU
		{4649F889-D6BF-4685-94B6-D271B41E3AF2}.Release|Any CPU.ActiveCfg = Release|Any CPU
		{4649F889-D6BF-4685-94B6-D271B41E3AF2}.Release|Any CPU.Build.0 = Release|Any CPU
		{2F67CCE3-BEE7-4359-9E15-85354CE9ADF0}.Debug|Any CPU.ActiveCfg = Debug|Any CPU
		{2F67CCE3-BEE7-4359-9E15-85354CE9ADF0}.Debug|Any CPU.Build.0 = Debug|Any CPU
		{2F67CCE3-BEE7-4359-9E15-85354CE9ADF0}.Release|Any CPU.ActiveCfg = Release|Any CPU
		{2F67CCE3-BEE7-4359-9E15-85354CE9ADF0}.Release|Any CPU.Build.0 = Release|Any CPU
	EndGlobalSection
	GlobalSection(SolutionProperties) = preSolution
		HideSolutionNode = FALSE
	EndGlobalSection
	GlobalSection(ExtensibilityGlobals) = postSolution
		SolutionGuid = {580058AC-9C78-4A59-90D9-83B1F85E4355}
	EndGlobalSection
EndGlobal
